
Microsoft Visual Studio Solution File, Format Version 12.00
# Visual Studio Version 17
VisualStudioVersion = 17.0.31903.59
MinimumVisualStudioVersion = 10.0.40219.1
Project("{FAE04EC0-301F-11D3-BF4B-00C04F79EFBC}") = "Developer", "Developer\Developer.csproj", "{E0E7B49E-8B6E-4FD7-B726-DCBEE1430071}"
EndProject
Project("{FAE04EC0-301F-11D3-BF4B-00C04F79EFBC}") = "DeveloperConsole", "DeveloperConsole\DeveloperConsole.csproj", "{8C99B0AC-AB16-4FDA-B26C-6687235DD0CA}"
EndProject
Project("{FAE04EC0-301F-11D3-BF4B-00C04F79EFBC}") = "DeveloperTeam", "DeveloperTeam\DeveloperTeam.csproj", "{4B592F8E-9BF6-42E4-956A-505B047505F5}"
EndProject
Global
	GlobalSection(SolutionConfigurationPlatforms) = preSolution
		Debug|Any CPU = Debug|Any CPU
		Release|Any CPU = Release|Any CPU
	EndGlobalSection
	GlobalSection(SolutionProperties) = preSolution
		HideSolutionNode = FALSE
	EndGlobalSection
	GlobalSection(ProjectConfigurationPlatforms) = postSolution
		{E0E7B49E-8B6E-4FD7-B726-DCBEE1430071}.Debug|Any CPU.ActiveCfg = Debug|Any CPU
		{E0E7B49E-8B6E-4FD7-B726-DCBEE1430071}.Debug|Any CPU.Build.0 = Debug|Any CPU
		{E0E7B49E-8B6E-4FD7-B726-DCBEE1430071}.Release|Any CPU.ActiveCfg = Release|Any CPU
		{E0E7B49E-8B6E-4FD7-B726-DCBEE1430071}.Release|Any CPU.Build.0 = Release|Any CPU
		{8C99B0AC-AB16-4FDA-B26C-6687235DD0CA}.Debug|Any CPU.ActiveCfg = Debug|Any CPU
		{8C99B0AC-AB16-4FDA-B26C-6687235DD0CA}.Debug|Any CPU.Build.0 = Debug|Any CPU
		{8C99B0AC-AB16-4FDA-B26C-6687235DD0CA}.Release|Any CPU.ActiveCfg = Release|Any CPU
		{8C99B0AC-AB16-4FDA-B26C-6687235DD0CA}.Release|Any CPU.Build.0 = Release|Any CPU
		{4B592F8E-9BF6-42E4-956A-505B047505F5}.Debug|Any CPU.ActiveCfg = Debug|Any CPU
		{4B592F8E-9BF6-42E4-956A-505B047505F5}.Debug|Any CPU.Build.0 = Debug|Any CPU
		{4B592F8E-9BF6-42E4-956A-505B047505F5}.Release|Any CPU.ActiveCfg = Release|Any CPU
		{4B592F8E-9BF6-42E4-956A-505B047505F5}.Release|Any CPU.Build.0 = Release|Any CPU
	EndGlobalSection
EndGlobal
